{
    "_readme": [
        "This file locks the dependencies of your project to a known state",
        "Read more about it at https://getcomposer.org/doc/01-basic-usage.md#installing-dependencies",
        "This file is @generated automatically"
    ],
    "content-hash": "1ca921c6033314c6218d0423fda6dfa3",
    "packages": [
        {
            "name": "spatie/enum",
            "version": "3.1.2",
            "source": {
                "type": "git",
                "url": "https://github.com/spatie/enum.git",
                "reference": "5c6a0128923f2b51814c197af1a826e60c809362"
            },
            "dist": {
                "type": "zip",
                "url": "https://api.github.com/repos/spatie/enum/zipball/5c6a0128923f2b51814c197af1a826e60c809362",
                "reference": "5c6a0128923f2b51814c197af1a826e60c809362",
                "shasum": ""
            },
            "require": {
                "ext-json": "*",
                "php": "^7.4"
            },
            "require-dev": {
                "larapack/dd": "^1.1",
                "phpunit/phpunit": "^9.0",
                "vimeo/psalm": "^3.12"
            },
            "type": "library",
            "autoload": {
                "psr-4": {
                    "Spatie\\Enum\\": "src"
                }
            },
            "notification-url": "https://packagist.org/downloads/",
            "license": [
                "MIT"
            ],
            "authors": [
                {
                    "name": "Brent Roose",
                    "email": "brent@spatie.be",
                    "homepage": "https://spatie.be",
                    "role": "Developer"
                },
                {
                    "name": "Tom Witkowski",
                    "email": "dev@gummibeer.de",
                    "homepage": "https://gummibeer.de",
                    "role": "Developer"
                }
            ],
            "description": "PHP Enums",
            "homepage": "https://github.com/spatie/enum",
            "keywords": [
                "enum",
                "enumerable",
                "spatie"
            ],
            "funding": [
                {
                    "url": "https://spatie.be/open-source/support-us",
                    "type": "custom"
                },
                {
                    "url": "https://github.com/spatie",
                    "type": "github"
                }
            ],
            "time": "2020-09-28T08:11:32+00:00"
        }
    ],
    "packages-dev": [],
    "aliases": [],
    "minimum-stability": "stable",
    "stability-flags": [],
    "prefer-stable": false,
    "prefer-lowest": false,
    "platform": [],
    "platform-dev": [],
    "plugin-api-version": "1.1.0"
}
